
Microsoft Visual Studio Solution File, Format Version 12.00
# Visual Studio 2013
VisualStudioVersion = 12.0.31101.0
MinimumVisualStudioVersion = 10.0.40219.1
Project("{2150E333-8FDC-42A3-9474-1A3956D46DE8}") = "SharedApp", "SharedApp", "{D671942A-7433-440E-9A67-1D6B30C43384}"
EndProject
Project("{D954291E-2A0B-460D-934E-DC6B0785DB48}") = "GhostWeb.Shared", "GhostWeb\GhostWeb.Shared\GhostWeb.Shared.shproj", "{63C35677-04A0-4015-9CCE-24E7936E5BE9}"
EndProject
Project("{262852C6-CD72-467D-83FE-5EEB1973A190}") = "GhostWeb.Windows", "GhostWeb\GhostWeb.Windows\GhostWeb.Windows.jsproj", "{43532E90-E12C-4373-B192-D3CEB213DE93}"
EndProject
Project("{262852C6-CD72-467D-83FE-5EEB1973A190}") = "GhostWeb.WindowsPhone", "GhostWeb\GhostWeb.WindowsPhone\GhostWeb.WindowsPhone.jsproj", "{9156B671-3D54-4DF8-A8E0-63734DD55EC7}"
EndProject
Global
	GlobalSection(SharedMSBuildProjectFiles) = preSolution
		GhostWeb\GhostWeb.Shared\GhostWeb.Shared.projitems*{9156b671-3d54-4df8-a8e0-63734dd55ec7}*SharedItemsImports = 5
		GhostWeb\GhostWeb.Shared\GhostWeb.Shared.projitems*{63c35677-04a0-4015-9cce-24e7936e5be9}*SharedItemsImports = 13
		GhostWeb\GhostWeb.Shared\GhostWeb.Shared.projitems*{43532e90-e12c-4373-b192-d3ceb213de93}*SharedItemsImports = 5
	EndGlobalSection
	GlobalSection(SolutionConfigurationPlatforms) = preSolution
		Debug|Any CPU = Debug|Any CPU
		Debug|ARM = Debug|ARM
		Debug|x64 = Debug|x64
		Debug|x86 = Debug|x86
		Release|Any CPU = Release|Any CPU
		Release|ARM = Release|ARM
		Release|x64 = Release|x64
		Release|x86 = Release|x86
	EndGlobalSection
	GlobalSection(ProjectConfigurationPlatforms) = postSolution
		{43532E90-E12C-4373-B192-D3CEB213DE93}.Debug|Any CPU.ActiveCfg = Debug|Any CPU
		{43532E90-E12C-4373-B192-D3CEB213DE93}.Debug|Any CPU.Build.0 = Debug|Any CPU
		{43532E90-E12C-4373-B192-D3CEB213DE93}.Debug|Any CPU.Deploy.0 = Debug|Any CPU
		{43532E90-E12C-4373-B192-D3CEB213DE93}.Debug|ARM.ActiveCfg = Debug|ARM
		{43532E90-E12C-4373-B192-D3CEB213DE93}.Debug|ARM.Build.0 = Debug|ARM
		{43532E90-E12C-4373-B192-D3CEB213DE93}.Debug|ARM.Deploy.0 = Debug|ARM
		{43532E90-E12C-4373-B192-D3CEB213DE93}.Debug|x64.ActiveCfg = Debug|x64
		{43532E90-E12C-4373-B192-D3CEB213DE93}.Debug|x64.Build.0 = Debug|x64
		{43532E90-E12C-4373-B192-D3CEB213DE93}.Debug|x64.Deploy.0 = Debug|x64
		{43532E90-E12C-4373-B192-D3CEB213DE93}.Debug|x86.ActiveCfg = Debug|x86
		{43532E90-E12C-4373-B192-D3CEB213DE93}.Debug|x86.Build.0 = Debug|x86
		{43532E90-E12C-4373-B192-D3CEB213DE93}.Debug|x86.Deploy.0 = Debug|x86
		{43532E90-E12C-4373-B192-D3CEB213DE93}.Release|Any CPU.ActiveCfg = Release|Any CPU
		{43532E90-E12C-4373-B192-D3CEB213DE93}.Release|Any CPU.Build.0 = Release|Any CPU
		{43532E90-E12C-4373-B192-D3CEB213DE93}.Release|Any CPU.Deploy.0 = Release|Any CPU
		{43532E90-E12C-4373-B192-D3CEB213DE93}.Release|ARM.ActiveCfg = Release|ARM
		{43532E90-E12C-4373-B192-D3CEB213DE93}.Release|ARM.Build.0 = Release|ARM
		{43532E90-E12C-4373-B192-D3CEB213DE93}.Release|ARM.Deploy.0 = Release|ARM
		{43532E90-E12C-4373-B192-D3CEB213DE93}.Release|x64.ActiveCfg = Release|x64
		{43532E90-E12C-4373-B192-D3CEB213DE93}.Release|x64.Build.0 = Release|x64
		{43532E90-E12C-4373-B192-D3CEB213DE93}.Release|x64.Deploy.0 = Release|x64
		{43532E90-E12C-4373-B192-D3CEB213DE93}.Release|x86.ActiveCfg = Release|x86
		{43532E90-E12C-4373-B192-D3CEB213DE93}.Release|x86.Build.0 = Release|x86
		{43532E90-E12C-4373-B192-D3CEB213DE93}.Release|x86.Deploy.0 = Release|x86
		{9156B671-3D54-4DF8-A8E0-63734DD55EC7}.Debug|Any CPU.ActiveCfg = Debug|Any CPU
		{9156B671-3D54-4DF8-A8E0-63734DD55EC7}.Debug|Any CPU.Build.0 = Debug|Any CPU
		{9156B671-3D54-4DF8-A8E0-63734DD55EC7}.Debug|Any CPU.Deploy.0 = Debug|Any CPU
		{9156B671-3D54-4DF8-A8E0-63734DD55EC7}.Debug|ARM.ActiveCfg = Debug|ARM
		{9156B671-3D54-4DF8-A8E0-63734DD55EC7}.Debug|ARM.Build.0 = Debug|ARM
		{9156B671-3D54-4DF8-A8E0-63734DD55EC7}.Debug|ARM.Deploy.0 = Debug|ARM
		{9156B671-3D54-4DF8-A8E0-63734DD55EC7}.Debug|x64.ActiveCfg = Debug|Any CPU
		{9156B671-3D54-4DF8-A8E0-63734DD55EC7}.Debug|x86.ActiveCfg = Debug|x86
		{9156B671-3D54-4DF8-A8E0-63734DD55EC7}.Debug|x86.Build.0 = Debug|x86
		{9156B671-3D54-4DF8-A8E0-63734DD55EC7}.Debug|x86.Deploy.0 = Debug|x86
		{9156B671-3D54-4DF8-A8E0-63734DD55EC7}.Release|Any CPU.ActiveCfg = Release|Any CPU
		{9156B671-3D54-4DF8-A8E0-63734DD55EC7}.Release|Any CPU.Build.0 = Release|Any CPU
		{9156B671-3D54-4DF8-A8E0-63734DD55EC7}.Release|Any CPU.Deploy.0 = Release|Any CPU
		{9156B671-3D54-4DF8-A8E0-63734DD55EC7}.Release|ARM.ActiveCfg = Release|ARM
		{9156B671-3D54-4DF8-A8E0-63734DD55EC7}.Release|ARM.Build.0 = Release|ARM
		{9156B671-3D54-4DF8-A8E0-63734DD55EC7}.Release|ARM.Deploy.0 = Release|ARM
		{9156B671-3D54-4DF8-A8E0-63734DD55EC7}.Release|x64.ActiveCfg = Release|Any CPU
		{9156B671-3D54-4DF8-A8E0-63734DD55EC7}.Release|x86.ActiveCfg = Release|x86
		{9156B671-3D54-4DF8-A8E0-63734DD55EC7}.Release|x86.Build.0 = Release|x86
		{9156B671-3D54-4DF8-A8E0-63734DD55EC7}.Release|x86.Deploy.0 = Release|x86
	EndGlobalSection
	GlobalSection(SolutionProperties) = preSolution
		HideSolutionNode = FALSE
	EndGlobalSection
	GlobalSection(NestedProjects) = preSolution
		{63C35677-04A0-4015-9CCE-24E7936E5BE9} = {D671942A-7433-440E-9A67-1D6B30C43384}
		{43532E90-E12C-4373-B192-D3CEB213DE93} = {D671942A-7433-440E-9A67-1D6B30C43384}
		{9156B671-3D54-4DF8-A8E0-63734DD55EC7} = {D671942A-7433-440E-9A67-1D6B30C43384}
	EndGlobalSection
EndGlobal
