
Microsoft Visual Studio Solution File, Format Version 12.00
# Visual Studio 2013
VisualStudioVersion = 12.0.31101.0
MinimumVisualStudioVersion = 10.0.40219.1
Project("{F2A71F9B-5D33-465A-A702-920D77279786}") = "testFS", "testFS\testFS.fsproj", "{2558771F-7CCB-4F85-9100-2F1C6994240D}"
EndProject
Global
	GlobalSection(SolutionConfigurationPlatforms) = preSolution
		Debug|Any CPU = Debug|Any CPU
		Release|Any CPU = Release|Any CPU
	EndGlobalSection
	GlobalSection(ProjectConfigurationPlatforms) = postSolution
		{2558771F-7CCB-4F85-9100-2F1C6994240D}.Debug|Any CPU.ActiveCfg = Debug|Any CPU
		{2558771F-7CCB-4F85-9100-2F1C6994240D}.Debug|Any CPU.Build.0 = Debug|Any CPU
		{2558771F-7CCB-4F85-9100-2F1C6994240D}.Release|Any CPU.ActiveCfg = Release|Any CPU
		{2558771F-7CCB-4F85-9100-2F1C6994240D}.Release|Any CPU.Build.0 = Release|Any CPU
	EndGlobalSection
	GlobalSection(SolutionProperties) = preSolution
		HideSolutionNode = FALSE
	EndGlobalSection
EndGlobal
